
Microsoft Visual Studio Solution File, Format Version 12.00
# Visual Studio Version 17
VisualStudioVersion = 17.1.32228.430
MinimumVisualStudioVersion = 10.0.40219.1
Project("{9A19103F-16F7-4668-BE54-9A1E7A4F7556}") = "UchPppProjects", "UchPppProjects\UchPppProjects.csproj", "{0C49EA34-A3FA-4674-B52F-80C75D1B4B82}"
EndProject
Project("{FAE04EC0-301F-11D3-BF4B-00C04F79EFBC}") = "UchPpp.DataAccess", "UchPpp.DataAccess\UchPpp.DataAccess.csproj", "{708892B3-548A-49B5-8F84-643383A4D6BA}"
EndProject
Project("{FAE04EC0-301F-11D3-BF4B-00C04F79EFBC}") = "UchPpp.Models", "UchPpp.Models\UchPpp.Models.csproj", "{6A6BF8E7-665B-4B9C-943B-E264F253B1A2}"
EndProject
Project("{FAE04EC0-301F-11D3-BF4B-00C04F79EFBC}") = "UchPpp.Utility", "UchPpp.Utility\UchPpp.Utility.csproj", "{FCC92602-D627-4FA8-9277-6758E71686DE}"
EndProject
Global
	GlobalSection(SolutionConfigurationPlatforms) = preSolution
		Debug|Any CPU = Debug|Any CPU
		Release|Any CPU = Release|Any CPU
	EndGlobalSection
	GlobalSection(ProjectConfigurationPlatforms) = postSolution
		{0C49EA34-A3FA-4674-B52F-80C75D1B4B82}.Debug|Any CPU.ActiveCfg = Debug|Any CPU
		{0C49EA34-A3FA-4674-B52F-80C75D1B4B82}.Debug|Any CPU.Build.0 = Debug|Any CPU
		{0C49EA34-A3FA-4674-B52F-80C75D1B4B82}.Release|Any CPU.ActiveCfg = Release|Any CPU
		{0C49EA34-A3FA-4674-B52F-80C75D1B4B82}.Release|Any CPU.Build.0 = Release|Any CPU
		{708892B3-548A-49B5-8F84-643383A4D6BA}.Debug|Any CPU.ActiveCfg = Debug|Any CPU
		{708892B3-548A-49B5-8F84-643383A4D6BA}.Debug|Any CPU.Build.0 = Debug|Any CPU
		{708892B3-548A-49B5-8F84-643383A4D6BA}.Release|Any CPU.ActiveCfg = Release|Any CPU
		{708892B3-548A-49B5-8F84-643383A4D6BA}.Release|Any CPU.Build.0 = Release|Any CPU
		{6A6BF8E7-665B-4B9C-943B-E264F253B1A2}.Debug|Any CPU.ActiveCfg = Debug|Any CPU
		{6A6BF8E7-665B-4B9C-943B-E264F253B1A2}.Debug|Any CPU.Build.0 = Debug|Any CPU
		{6A6BF8E7-665B-4B9C-943B-E264F253B1A2}.Release|Any CPU.ActiveCfg = Release|Any CPU
		{6A6BF8E7-665B-4B9C-943B-E264F253B1A2}.Release|Any CPU.Build.0 = Release|Any CPU
		{FCC92602-D627-4FA8-9277-6758E71686DE}.Debug|Any CPU.ActiveCfg = Debug|Any CPU
		{FCC92602-D627-4FA8-9277-6758E71686DE}.Debug|Any CPU.Build.0 = Debug|Any CPU
		{FCC92602-D627-4FA8-9277-6758E71686DE}.Release|Any CPU.ActiveCfg = Release|Any CPU
		{FCC92602-D627-4FA8-9277-6758E71686DE}.Release|Any CPU.Build.0 = Release|Any CPU
	EndGlobalSection
	GlobalSection(SolutionProperties) = preSolution
		HideSolutionNode = FALSE
	EndGlobalSection
	GlobalSection(ExtensibilityGlobals) = postSolution
		SolutionGuid = {010E74C1-DD86-4ACB-9597-F511D0EB831A}
	EndGlobalSection
EndGlobal
